
Microsoft Visual Studio Solution File, Format Version 12.00
# Visual Studio 14
VisualStudioVersion = 14.0.24720.0
MinimumVisualStudioVersion = 10.0.40219.1
Project("{FAE04EC0-301F-11D3-BF4B-00C04F79EFBC}") = "2016.08.31_1", "2016.08.31_1\2016.08.31_1.csproj", "{135351D1-2607-4014-967B-13C82A1A982F}"
EndProject
Global
	GlobalSection(SolutionConfigurationPlatforms) = preSolution
		Debug|Any CPU = Debug|Any CPU
		Release|Any CPU = Release|Any CPU
	EndGlobalSection
	GlobalSection(ProjectConfigurationPlatforms) = postSolution
		{135351D1-2607-4014-967B-13C82A1A982F}.Debug|Any CPU.ActiveCfg = Debug|Any CPU
		{135351D1-2607-4014-967B-13C82A1A982F}.Debug|Any CPU.Build.0 = Debug|Any CPU
		{135351D1-2607-4014-967B-13C82A1A982F}.Release|Any CPU.ActiveCfg = Release|Any CPU
		{135351D1-2607-4014-967B-13C82A1A982F}.Release|Any CPU.Build.0 = Release|Any CPU
	EndGlobalSection
	GlobalSection(SolutionProperties) = preSolution
		HideSolutionNode = FALSE
	EndGlobalSection
EndGlobal
