
Microsoft Visual Studio Solution File, Format Version 12.00
# Visual Studio 2013
VisualStudioVersion = 12.0.30723.0
MinimumVisualStudioVersion = 10.0.40219.1
Project("{FAE04EC0-301F-11D3-BF4B-00C04F79EFBC}") = "2016.08.08", "2016.08.08.csproj", "{D0118D41-E3F8-488C-AC4C-E33EA55CADAB}"
EndProject
Global
	GlobalSection(SolutionConfigurationPlatforms) = preSolution
		Debug|Any CPU = Debug|Any CPU
		Release|Any CPU = Release|Any CPU
	EndGlobalSection
	GlobalSection(ProjectConfigurationPlatforms) = postSolution
		{D0118D41-E3F8-488C-AC4C-E33EA55CADAB}.Debug|Any CPU.ActiveCfg = Debug|Any CPU
		{D0118D41-E3F8-488C-AC4C-E33EA55CADAB}.Debug|Any CPU.Build.0 = Debug|Any CPU
		{D0118D41-E3F8-488C-AC4C-E33EA55CADAB}.Release|Any CPU.ActiveCfg = Release|Any CPU
		{D0118D41-E3F8-488C-AC4C-E33EA55CADAB}.Release|Any CPU.Build.0 = Release|Any CPU
	EndGlobalSection
	GlobalSection(SolutionProperties) = preSolution
		HideSolutionNode = FALSE
	EndGlobalSection
EndGlobal
