
Microsoft Visual Studio Solution File, Format Version 12.00
# Visual Studio 14
VisualStudioVersion = 14.0.24720.0
MinimumVisualStudioVersion = 10.0.40219.1
Project("{FAE04EC0-301F-11D3-BF4B-00C04F79EFBC}") = "2016.09.12", "2016.09.12\2016.09.12.csproj", "{D32A0C38-AE67-45BB-A77B-B9D30EF57FAF}"
EndProject
Global
	GlobalSection(SolutionConfigurationPlatforms) = preSolution
		Debug|Any CPU = Debug|Any CPU
		Release|Any CPU = Release|Any CPU
	EndGlobalSection
	GlobalSection(ProjectConfigurationPlatforms) = postSolution
		{D32A0C38-AE67-45BB-A77B-B9D30EF57FAF}.Debug|Any CPU.ActiveCfg = Debug|Any CPU
		{D32A0C38-AE67-45BB-A77B-B9D30EF57FAF}.Debug|Any CPU.Build.0 = Debug|Any CPU
		{D32A0C38-AE67-45BB-A77B-B9D30EF57FAF}.Release|Any CPU.ActiveCfg = Release|Any CPU
		{D32A0C38-AE67-45BB-A77B-B9D30EF57FAF}.Release|Any CPU.Build.0 = Release|Any CPU
	EndGlobalSection
	GlobalSection(SolutionProperties) = preSolution
		HideSolutionNode = FALSE
	EndGlobalSection
EndGlobal
